
Microsoft Visual Studio Solution File, Format Version 12.00
# Visual Studio Version 16
VisualStudioVersion = 16.0.30204.135
MinimumVisualStudioVersion = 10.0.40219.1
Project("{FAE04EC0-301F-11D3-BF4B-00C04F79EFBC}") = "SOS.App.Android", "SOS.App.Android\SOS.App.Android.csproj", "{81F9524D-7C9B-4B6B-9FCF-642A1E63AE6D}"
EndProject
Project("{FAE04EC0-301F-11D3-BF4B-00C04F79EFBC}") = "SOS.App.iOS", "SOS.App.iOS\SOS.App.iOS.csproj", "{4548D6AC-75ED-43DD-9935-26D9C416D21A}"
EndProject
Project("{FAE04EC0-301F-11D3-BF4B-00C04F79EFBC}") = "SOS.App", "SOS.App\SOS.App.csproj", "{6917A4AF-C0C3-46FA-8C2E-6EAF2071CBF5}"
EndProject
Global
	GlobalSection(SolutionConfigurationPlatforms) = preSolution
		Debug|Any CPU = Debug|Any CPU
		Debug|iPhone = Debug|iPhone
		Debug|iPhoneSimulator = Debug|iPhoneSimulator
		Release|Any CPU = Release|Any CPU
		Release|iPhone = Release|iPhone
		Release|iPhoneSimulator = Release|iPhoneSimulator
	EndGlobalSection
	GlobalSection(ProjectConfigurationPlatforms) = postSolution
		{81F9524D-7C9B-4B6B-9FCF-642A1E63AE6D}.Debug|Any CPU.ActiveCfg = Debug|Any CPU
		{81F9524D-7C9B-4B6B-9FCF-642A1E63AE6D}.Debug|Any CPU.Build.0 = Debug|Any CPU
		{81F9524D-7C9B-4B6B-9FCF-642A1E63AE6D}.Debug|Any CPU.Deploy.0 = Debug|Any CPU
		{81F9524D-7C9B-4B6B-9FCF-642A1E63AE6D}.Debug|iPhone.ActiveCfg = Debug|Any CPU
		{81F9524D-7C9B-4B6B-9FCF-642A1E63AE6D}.Debug|iPhone.Build.0 = Debug|Any CPU
		{81F9524D-7C9B-4B6B-9FCF-642A1E63AE6D}.Debug|iPhone.Deploy.0 = Debug|Any CPU
		{81F9524D-7C9B-4B6B-9FCF-642A1E63AE6D}.Debug|iPhoneSimulator.ActiveCfg = Debug|Any CPU
		{81F9524D-7C9B-4B6B-9FCF-642A1E63AE6D}.Debug|iPhoneSimulator.Build.0 = Debug|Any CPU
		{81F9524D-7C9B-4B6B-9FCF-642A1E63AE6D}.Debug|iPhoneSimulator.Deploy.0 = Debug|Any CPU
		{81F9524D-7C9B-4B6B-9FCF-642A1E63AE6D}.Release|Any CPU.ActiveCfg = Release|Any CPU
		{81F9524D-7C9B-4B6B-9FCF-642A1E63AE6D}.Release|Any CPU.Build.0 = Release|Any CPU
		{81F9524D-7C9B-4B6B-9FCF-642A1E63AE6D}.Release|Any CPU.Deploy.0 = Release|Any CPU
		{81F9524D-7C9B-4B6B-9FCF-642A1E63AE6D}.Release|iPhone.ActiveCfg = Release|Any CPU
		{81F9524D-7C9B-4B6B-9FCF-642A1E63AE6D}.Release|iPhone.Build.0 = Release|Any CPU
		{81F9524D-7C9B-4B6B-9FCF-642A1E63AE6D}.Release|iPhone.Deploy.0 = Release|Any CPU
		{81F9524D-7C9B-4B6B-9FCF-642A1E63AE6D}.Release|iPhoneSimulator.ActiveCfg = Release|Any CPU
		{81F9524D-7C9B-4B6B-9FCF-642A1E63AE6D}.Release|iPhoneSimulator.Build.0 = Release|Any CPU
		{81F9524D-7C9B-4B6B-9FCF-642A1E63AE6D}.Release|iPhoneSimulator.Deploy.0 = Release|Any CPU
		{4548D6AC-75ED-43DD-9935-26D9C416D21A}.Debug|Any CPU.ActiveCfg = Debug|iPhone
		{4548D6AC-75ED-43DD-9935-26D9C416D21A}.Debug|Any CPU.Build.0 = Debug|iPhone
		{4548D6AC-75ED-43DD-9935-26D9C416D21A}.Debug|Any CPU.Deploy.0 = Debug|iPhone
		{4548D6AC-75ED-43DD-9935-26D9C416D21A}.Debug|iPhone.ActiveCfg = Debug|iPhone
		{4548D6AC-75ED-43DD-9935-26D9C416D21A}.Debug|iPhone.Build.0 = Debug|iPhone
		{4548D6AC-75ED-43DD-9935-26D9C416D21A}.Debug|iPhone.Deploy.0 = Debug|iPhone
		{4548D6AC-75ED-43DD-9935-26D9C416D21A}.Debug|iPhoneSimulator.ActiveCfg = Debug|iPhoneSimulator
		{4548D6AC-75ED-43DD-9935-26D9C416D21A}.Debug|iPhoneSimulator.Build.0 = Debug|iPhoneSimulator
		{4548D6AC-75ED-43DD-9935-26D9C416D21A}.Debug|iPhoneSimulator.Deploy.0 = Debug|iPhoneSimulator
		{4548D6AC-75ED-43DD-9935-26D9C416D21A}.Release|Any CPU.ActiveCfg = Release|iPhone
		{4548D6AC-75ED-43DD-9935-26D9C416D21A}.Release|Any CPU.Build.0 = Release|iPhone
		{4548D6AC-75ED-43DD-9935-26D9C416D21A}.Release|Any CPU.Deploy.0 = Release|iPhone
		{4548D6AC-75ED-43DD-9935-26D9C416D21A}.Release|iPhone.ActiveCfg = Release|iPhone
		{4548D6AC-75ED-43DD-9935-26D9C416D21A}.Release|iPhone.Build.0 = Release|iPhone
		{4548D6AC-75ED-43DD-9935-26D9C416D21A}.Release|iPhone.Deploy.0 = Release|iPhone
		{4548D6AC-75ED-43DD-9935-26D9C416D21A}.Release|iPhoneSimulator.ActiveCfg = Release|iPhoneSimulator
		{4548D6AC-75ED-43DD-9935-26D9C416D21A}.Release|iPhoneSimulator.Build.0 = Release|iPhoneSimulator
		{4548D6AC-75ED-43DD-9935-26D9C416D21A}.Release|iPhoneSimulator.Deploy.0 = Release|iPhoneSimulator
		{6917A4AF-C0C3-46FA-8C2E-6EAF2071CBF5}.Debug|Any CPU.ActiveCfg = Debug|Any CPU
		{6917A4AF-C0C3-46FA-8C2E-6EAF2071CBF5}.Debug|Any CPU.Build.0 = Debug|Any CPU
		{6917A4AF-C0C3-46FA-8C2E-6EAF2071CBF5}.Debug|Any CPU.Deploy.0 = Debug|Any CPU
		{6917A4AF-C0C3-46FA-8C2E-6EAF2071CBF5}.Debug|iPhone.ActiveCfg = Debug|Any CPU
		{6917A4AF-C0C3-46FA-8C2E-6EAF2071CBF5}.Debug|iPhone.Build.0 = Debug|Any CPU
		{6917A4AF-C0C3-46FA-8C2E-6EAF2071CBF5}.Debug|iPhone.Deploy.0 = Debug|Any CPU
		{6917A4AF-C0C3-46FA-8C2E-6EAF2071CBF5}.Debug|iPhoneSimulator.ActiveCfg = Debug|Any CPU
		{6917A4AF-C0C3-46FA-8C2E-6EAF2071CBF5}.Debug|iPhoneSimulator.Build.0 = Debug|Any CPU
		{6917A4AF-C0C3-46FA-8C2E-6EAF2071CBF5}.Debug|iPhoneSimulator.Deploy.0 = Debug|Any CPU
		{6917A4AF-C0C3-46FA-8C2E-6EAF2071CBF5}.Release|Any CPU.ActiveCfg = Release|Any CPU
		{6917A4AF-C0C3-46FA-8C2E-6EAF2071CBF5}.Release|Any CPU.Build.0 = Release|Any CPU
		{6917A4AF-C0C3-46FA-8C2E-6EAF2071CBF5}.Release|Any CPU.Deploy.0 = Release|Any CPU
		{6917A4AF-C0C3-46FA-8C2E-6EAF2071CBF5}.Release|iPhone.ActiveCfg = Release|Any CPU
		{6917A4AF-C0C3-46FA-8C2E-6EAF2071CBF5}.Release|iPhone.Build.0 = Release|Any CPU
		{6917A4AF-C0C3-46FA-8C2E-6EAF2071CBF5}.Release|iPhone.Deploy.0 = Release|Any CPU
		{6917A4AF-C0C3-46FA-8C2E-6EAF2071CBF5}.Release|iPhoneSimulator.ActiveCfg = Release|Any CPU
		{6917A4AF-C0C3-46FA-8C2E-6EAF2071CBF5}.Release|iPhoneSimulator.Build.0 = Release|Any CPU
		{6917A4AF-C0C3-46FA-8C2E-6EAF2071CBF5}.Release|iPhoneSimulator.Deploy.0 = Release|Any CPU
	EndGlobalSection
	GlobalSection(SolutionProperties) = preSolution
		HideSolutionNode = FALSE
	EndGlobalSection
	GlobalSection(ExtensibilityGlobals) = postSolution
		SolutionGuid = {9D5F01F2-679B-4430-BF71-4C71C052FE7D}
	EndGlobalSection
EndGlobal
